github.com/TechVerito/websocket v0.0.1 h1:4dX5dV8w7qGrx92rPIGFCZqr2uuuv4mf9IO2OOLlS+A=
github.com/TechVerito/websocket v0.0.1/go.mod h1:Tb2YfXRxDi1XyJhJezh9q+MpJs9YOgM5mKpJHluwVD0=
github.com/fsaravia/awsign v0.0.1 h1:tiqFYmfkA8XwOU1Ibt9He8MtHuRsIsEcd9dZUtrv2oU=
github.com/fsaravia/awsign v0.0.1/go.mod h1:TLpzDiVCOEU5D88OZy3C2dRGScuG/ggaF64e2Myau6w=
github.com/satori/go.uuid v1.2.1-0.20181028125025-b2ce2384e17b h1:gQZ0qzfKHQIybLANtM3mBXNUtOfsCFXeTsnBqCsx1KM=
github.com/satori/go.uuid v1.2.1-0.20181028125025-b2ce2384e17b/go.mod h1:dA0hQrYB0VpLJoorglMZABFdXlWrHn1NEOzdhQKdks0=
